// !$*UTF8*$!
{
	archiveVersion = 1;
	classes = {
	};
	objectVersion = 56;
	objects = {

/* Begin PBXBuildFile section */
		1122965F2D5D2F740039A640 /* NetworkManager.swift in Sources */ = {isa = PBXBuildFile; fileRef = 1122965D2D5D2F740039A640 /* NetworkManager.swift */; };
		112296602D5D2F740039A640 /* NetworkManagerProtocol.swift in Sources */ = {isa = PBXBuildFile; fileRef = 1122965E2D5D2F740039A640 /* NetworkManagerProtocol.swift */; };
		112296632D5D35210039A640 /* NetworkManagerMethods.swift in Sources */ = {isa = PBXBuildFile; fileRef = 112296622D5D35210039A640 /* NetworkManagerMethods.swift */; };
		112296652D5D3EF30039A640 /* NetworkManagerError.swift in Sources */ = {isa = PBXBuildFile; fileRef = 112296642D5D3EF30039A640 /* NetworkManagerError.swift */; };
		112296682D5E5EBE0039A640 /* Alamofire in Frameworks */ = {isa = PBXBuildFile; productRef = 112296672D5E5EBE0039A640 /* Alamofire */; };
		1122966B2D5E65AE0039A640 /* DataProvider.swift in Sources */ = {isa = PBXBuildFile; fileRef = 1122966A2D5E65AE0039A640 /* DataProvider.swift */; };
		1122966F2D5E8C160039A640 /* ProviderPath.swift in Sources */ = {isa = PBXBuildFile; fileRef = 1122966E2D5E8C160039A640 /* ProviderPath.swift */; };
		112296752D5E8E870039A640 /* Publisher+Async.swift in Sources */ = {isa = PBXBuildFile; fileRef = 112296742D5E8E870039A640 /* Publisher+Async.swift */; };
		1122967A2D5E96730039A640 /* NetworkManagerResponse.swift in Sources */ = {isa = PBXBuildFile; fileRef = 112296792D5E96730039A640 /* NetworkManagerResponse.swift */; };
		1122967C2D5FAE8C0039A640 /* DataPagingProvider.swift in Sources */ = {isa = PBXBuildFile; fileRef = 1122967B2D5FAE8C0039A640 /* DataPagingProvider.swift */; };
		1122967F2D5FD9870039A640 /* PhotoModel.swift in Sources */ = {isa = PBXBuildFile; fileRef = 1122967E2D5FD9870039A640 /* PhotoModel.swift */; };
		112296812D5FDBC40039A640 /* UserModel.swift in Sources */ = {isa = PBXBuildFile; fileRef = 112296802D5FDBC40039A640 /* UserModel.swift */; };
		112296862D5FDCD30039A640 /* BaseViewModel.swift in Sources */ = {isa = PBXBuildFile; fileRef = 112296852D5FDCD30039A640 /* BaseViewModel.swift */; };
		112296892D5FE4890039A640 /* PhotosListViewModel.swift in Sources */ = {isa = PBXBuildFile; fileRef = 112296882D5FE4890039A640 /* PhotosListViewModel.swift */; };
		1122968B2D5FE6A90039A640 /* PhotoRowView.swift in Sources */ = {isa = PBXBuildFile; fileRef = 1122968A2D5FE6A90039A640 /* PhotoRowView.swift */; };
		1122968E2D608F6E0039A640 /* AsyncCachedImage.swift in Sources */ = {isa = PBXBuildFile; fileRef = 1122968D2D608F6E0039A640 /* AsyncCachedImage.swift */; };
		112296912D60A72A0039A640 /* PhotoDetailView.swift in Sources */ = {isa = PBXBuildFile; fileRef = 112296902D60A72A0039A640 /* PhotoDetailView.swift */; };
		112296932D60A7360039A640 /* PhotoDetailViewModel.swift in Sources */ = {isa = PBXBuildFile; fileRef = 112296922D60A7360039A640 /* PhotoDetailViewModel.swift */; };
		11A05F592D5D04CB008AEAF5 /* SYSGalleryApp.swift in Sources */ = {isa = PBXBuildFile; fileRef = 11A05F582D5D04CB008AEAF5 /* SYSGalleryApp.swift */; };
		11A05F5B2D5D04CB008AEAF5 /* PhotosListView.swift in Sources */ = {isa = PBXBuildFile; fileRef = 11A05F5A2D5D04CB008AEAF5 /* PhotosListView.swift */; };
		11A05F5D2D5D04D1008AEAF5 /* Assets.xcassets in Resources */ = {isa = PBXBuildFile; fileRef = 11A05F5C2D5D04D1008AEAF5 /* Assets.xcassets */; };
		11A05F602D5D04D1008AEAF5 /* Preview Assets.xcassets in Resources */ = {isa = PBXBuildFile; fileRef = 11A05F5F2D5D04D1008AEAF5 /* Preview Assets.xcassets */; };
/* End PBXBuildFile section */

/* Begin PBXFileReference section */
		1122965D2D5D2F740039A640 /* NetworkManager.swift */ = {isa = PBXFileReference; lastKnownFileType = sourcecode.swift; path = NetworkManager.swift; sourceTree = "<group>"; };
		1122965E2D5D2F740039A640 /* NetworkManagerProtocol.swift */ = {isa = PBXFileReference; lastKnownFileType = sourcecode.swift; path = NetworkManagerProtocol.swift; sourceTree = "<group>"; };
		112296622D5D35210039A640 /* NetworkManagerMethods.swift */ = {isa = PBXFileReference; lastKnownFileType = sourcecode.swift; path = NetworkManagerMethods.swift; sourceTree = "<group>"; };
		112296642D5D3EF30039A640 /* NetworkManagerError.swift */ = {isa = PBXFileReference; lastKnownFileType = sourcecode.swift; path = NetworkManagerError.swift; sourceTree = "<group>"; };
		1122966A2D5E65AE0039A640 /* DataProvider.swift */ = {isa = PBXFileReference; lastKnownFileType = sourcecode.swift; path = DataProvider.swift; sourceTree = "<group>"; };
		1122966E2D5E8C160039A640 /* ProviderPath.swift */ = {isa = PBXFileReference; lastKnownFileType = sourcecode.swift; path = ProviderPath.swift; sourceTree = "<group>"; };
		112296742D5E8E870039A640 /* Publisher+Async.swift */ = {isa = PBXFileReference; lastKnownFileType = sourcecode.swift; path = "Publisher+Async.swift"; sourceTree = "<group>"; };
		112296792D5E96730039A640 /* NetworkManagerResponse.swift */ = {isa = PBXFileReference; lastKnownFileType = sourcecode.swift; path = NetworkManagerResponse.swift; sourceTree = "<group>"; };
		1122967B2D5FAE8C0039A640 /* DataPagingProvider.swift */ = {isa = PBXFileReference; lastKnownFileType = sourcecode.swift; path = DataPagingProvider.swift; sourceTree = "<group>"; };
		1122967E2D5FD9870039A640 /* PhotoModel.swift */ = {isa = PBXFileReference; lastKnownFileType = sourcecode.swift; path = PhotoModel.swift; sourceTree = "<group>"; };
		112296802D5FDBC40039A640 /* UserModel.swift */ = {isa = PBXFileReference; lastKnownFileType = sourcecode.swift; path = UserModel.swift; sourceTree = "<group>"; };
		112296852D5FDCD30039A640 /* BaseViewModel.swift */ = {isa = PBXFileReference; lastKnownFileType = sourcecode.swift; path = BaseViewModel.swift; sourceTree = "<group>"; };
		112296882D5FE4890039A640 /* PhotosListViewModel.swift */ = {isa = PBXFileReference; lastKnownFileType = sourcecode.swift; path = PhotosListViewModel.swift; sourceTree = "<group>"; };
		1122968A2D5FE6A90039A640 /* PhotoRowView.swift */ = {isa = PBXFileReference; lastKnownFileType = sourcecode.swift; path = PhotoRowView.swift; sourceTree = "<group>"; };
		1122968D2D608F6E0039A640 /* AsyncCachedImage.swift */ = {isa = PBXFileReference; lastKnownFileType = sourcecode.swift; path = AsyncCachedImage.swift; sourceTree = "<group>"; };
		112296902D60A72A0039A640 /* PhotoDetailView.swift */ = {isa = PBXFileReference; lastKnownFileType = sourcecode.swift; path = PhotoDetailView.swift; sourceTree = "<group>"; };
		112296922D60A7360039A640 /* PhotoDetailViewModel.swift */ = {isa = PBXFileReference; lastKnownFileType = sourcecode.swift; path = PhotoDetailViewModel.swift; sourceTree = "<group>"; };
		11A05F552D5D04CB008AEAF5 /* SYSGallery.app */ = {isa = PBXFileReference; explicitFileType = wrapper.application; includeInIndex = 0; path = SYSGallery.app; sourceTree = BUILT_PRODUCTS_DIR; };
		11A05F582D5D04CB008AEAF5 /* SYSGalleryApp.swift */ = {isa = PBXFileReference; lastKnownFileType = sourcecode.swift; path = SYSGalleryApp.swift; sourceTree = "<group>"; };
		11A05F5A2D5D04CB008AEAF5 /* PhotosListView.swift */ = {isa = PBXFileReference; lastKnownFileType = sourcecode.swift; path = PhotosListView.swift; sourceTree = "<group>"; };
		11A05F5C2D5D04D1008AEAF5 /* Assets.xcassets */ = {isa = PBXFileReference; lastKnownFileType = folder.assetcatalog; path = Assets.xcassets; sourceTree = "<group>"; };
		11A05F5F2D5D04D1008AEAF5 /* Preview Assets.xcassets */ = {isa = PBXFileReference; lastKnownFileType = folder.assetcatalog; path = "Preview Assets.xcassets"; sourceTree = "<group>"; };
/* End PBXFileReference section */

/* Begin PBXFrameworksBuildPhase section */
		11A05F522D5D04CB008AEAF5 /* Frameworks */ = {
			isa = PBXFrameworksBuildPhase;
			buildActionMask = 2147483647;
			files = (
				112296682D5E5EBE0039A640 /* Alamofire in Frameworks */,
			);
			runOnlyForDeploymentPostprocessing = 0;
		};
/* End PBXFrameworksBuildPhase section */

/* Begin PBXGroup section */
		112296612D5D2F880039A640 /* Networking */ = {
			isa = PBXGroup;
			children = (
				112296642D5D3EF30039A640 /* NetworkManagerError.swift */,
				1122965D2D5D2F740039A640 /* NetworkManager.swift */,
				1122965E2D5D2F740039A640 /* NetworkManagerProtocol.swift */,
				112296622D5D35210039A640 /* NetworkManagerMethods.swift */,
				112296792D5E96730039A640 /* NetworkManagerResponse.swift */,
			);
			path = Networking;
			sourceTree = "<group>";
		};
		112296692D5E64A70039A640 /* DataProviders */ = {
			isa = PBXGroup;
			children = (
				1122966A2D5E65AE0039A640 /* DataProvider.swift */,
				1122966E2D5E8C160039A640 /* ProviderPath.swift */,
				1122967B2D5FAE8C0039A640 /* DataPagingProvider.swift */,
			);
			path = DataProviders;
			sourceTree = "<group>";
		};
		112296762D5E8EFF0039A640 /* Extensions */ = {
			isa = PBXGroup;
			children = (
				112296742D5E8E870039A640 /* Publisher+Async.swift */,
			);
			path = Extensions;
			sourceTree = "<group>";
		};
		112296772D5E94DA0039A640 /* DAL */ = {
			isa = PBXGroup;
			children = (
				1122967D2D5FD9790039A640 /* Models */,
				112296612D5D2F880039A640 /* Networking */,
				112296692D5E64A70039A640 /* DataProviders */,
			);
			path = DAL;
			sourceTree = "<group>";
		};
		1122967D2D5FD9790039A640 /* Models */ = {
			isa = PBXGroup;
			children = (
				1122967E2D5FD9870039A640 /* PhotoModel.swift */,
				112296802D5FDBC40039A640 /* UserModel.swift */,
			);
			path = Models;
			sourceTree = "<group>";
		};
		112296822D5FDC970039A640 /* GUI */ = {
			isa = PBXGroup;
			children = (
				1122968F2D60A7040039A640 /* PhotoDetailView */,
				1122968C2D608F600039A640 /* Common */,
				112296872D5FE3090039A640 /* PhotosListView */,
				112296832D5FDCAB0039A640 /* Base */,
			);
			path = GUI;
			sourceTree = "<group>";
		};
		112296832D5FDCAB0039A640 /* Base */ = {
			isa = PBXGroup;
			children = (
				112296852D5FDCD30039A640 /* BaseViewModel.swift */,
			);
			path = Base;
			sourceTree = "<group>";
		};
		112296872D5FE3090039A640 /* PhotosListView */ = {
			isa = PBXGroup;
			children = (
				11A05F5A2D5D04CB008AEAF5 /* PhotosListView.swift */,
				112296882D5FE4890039A640 /* PhotosListViewModel.swift */,
				1122968A2D5FE6A90039A640 /* PhotoRowView.swift */,
			);
			path = PhotosListView;
			sourceTree = "<group>";
		};
		1122968C2D608F600039A640 /* Common */ = {
			isa = PBXGroup;
			children = (
				1122968D2D608F6E0039A640 /* AsyncCachedImage.swift */,
			);
			path = Common;
			sourceTree = "<group>";
		};
		1122968F2D60A7040039A640 /* PhotoDetailView */ = {
			isa = PBXGroup;
			children = (
				112296902D60A72A0039A640 /* PhotoDetailView.swift */,
				112296922D60A7360039A640 /* PhotoDetailViewModel.swift */,
			);
			path = PhotoDetailView;
			sourceTree = "<group>";
		};
		11A05F4C2D5D04CB008AEAF5 = {
			isa = PBXGroup;
			children = (
				11A05F572D5D04CB008AEAF5 /* SYSGallery */,
				11A05F562D5D04CB008AEAF5 /* Products */,
			);
			sourceTree = "<group>";
		};
		11A05F562D5D04CB008AEAF5 /* Products */ = {
			isa = PBXGroup;
			children = (
				11A05F552D5D04CB008AEAF5 /* SYSGallery.app */,
			);
			name = Products;
			sourceTree = "<group>";
		};
		11A05F572D5D04CB008AEAF5 /* SYSGallery */ = {
			isa = PBXGroup;
			children = (
				112296822D5FDC970039A640 /* GUI */,
				112296772D5E94DA0039A640 /* DAL */,
				112296762D5E8EFF0039A640 /* Extensions */,
				11A05F582D5D04CB008AEAF5 /* SYSGalleryApp.swift */,
				11A05F5C2D5D04D1008AEAF5 /* Assets.xcassets */,
				11A05F5E2D5D04D1008AEAF5 /* Preview Content */,
			);
			path = SYSGallery;
			sourceTree = "<group>";
		};
		11A05F5E2D5D04D1008AEAF5 /* Preview Content */ = {
			isa = PBXGroup;
			children = (
				11A05F5F2D5D04D1008AEAF5 /* Preview Assets.xcassets */,
			);
			path = "Preview Content";
			sourceTree = "<group>";
		};
/* End PBXGroup section */

/* Begin PBXNativeTarget section */
		11A05F542D5D04CB008AEAF5 /* SYSGallery */ = {
			isa = PBXNativeTarget;
			buildConfigurationList = 11A05F632D5D04D1008AEAF5 /* Build configuration list for PBXNativeTarget "SYSGallery" */;
			buildPhases = (
				11A05F512D5D04CB008AEAF5 /* Sources */,
				11A05F522D5D04CB008AEAF5 /* Frameworks */,
				11A05F532D5D04CB008AEAF5 /* Resources */,
				11787E582D5D0FBA00E8E3E1 /* Swiftlint */,
			);
			buildRules = (
			);
			dependencies = (
			);
			name = SYSGallery;
			packageProductDependencies = (
				112296672D5E5EBE0039A640 /* Alamofire */,
			);
			productName = SYSGallery;
			productReference = 11A05F552D5D04CB008AEAF5 /* SYSGallery.app */;
			productType = "com.apple.product-type.application";
		};
/* End PBXNativeTarget section */

/* Begin PBXProject section */
		11A05F4D2D5D04CB008AEAF5 /* Project object */ = {
			isa = PBXProject;
			attributes = {
				BuildIndependentTargetsInParallel = 1;
				LastSwiftUpdateCheck = 1520;
				LastUpgradeCheck = 1520;
				TargetAttributes = {
					11A05F542D5D04CB008AEAF5 = {
						CreatedOnToolsVersion = 15.2;
					};
				};
			};
			buildConfigurationList = 11A05F502D5D04CB008AEAF5 /* Build configuration list for PBXProject "SYSGallery" */;
			compatibilityVersion = "Xcode 14.0";
			developmentRegion = en;
			hasScannedForEncodings = 0;
			knownRegions = (
				en,
				Base,
			);
			mainGroup = 11A05F4C2D5D04CB008AEAF5;
			packageReferences = (
				112296662D5E5EBE0039A640 /* XCRemoteSwiftPackageReference "Alamofire" */,
			);
			productRefGroup = 11A05F562D5D04CB008AEAF5 /* Products */;
			projectDirPath = "";
			projectRoot = "";
			targets = (
				11A05F542D5D04CB008AEAF5 /* SYSGallery */,
			);
		};
/* End PBXProject section */

/* Begin PBXResourcesBuildPhase section */
		11A05F532D5D04CB008AEAF5 /* Resources */ = {
			isa = PBXResourcesBuildPhase;
			buildActionMask = 2147483647;
			files = (
				11A05F602D5D04D1008AEAF5 /* Preview Assets.xcassets in Resources */,
				11A05F5D2D5D04D1008AEAF5 /* Assets.xcassets in Resources */,
			);
			runOnlyForDeploymentPostprocessing = 0;
		};
/* End PBXResourcesBuildPhase section */

/* Begin PBXShellScriptBuildPhase section */
		11787E582D5D0FBA00E8E3E1 /* Swiftlint */ = {
			isa = PBXShellScriptBuildPhase;
			alwaysOutOfDate = 1;
			buildActionMask = 2147483647;
			files = (
			);
			inputFileListPaths = (
			);
			inputPaths = (
			);
			name = Swiftlint;
			outputFileListPaths = (
			);
			outputPaths = (
			);
			runOnlyForDeploymentPostprocessing = 0;
			shellPath = /bin/sh;
			shellScript = "if [[ \"$(uname -m)\" == arm64 ]]\nthen\n    export PATH=\"/opt/homebrew/bin:$PATH\"\nfi\n\nif command -v swiftlint >/dev/null 2>&1\nthen\n    swiftlint\nelse\n    echo \"warning: `swiftlint` command not found - See https://github.com/realm/SwiftLint#installation for installation instructions.\"\nfi\n";
		};
/* End PBXShellScriptBuildPhase section */

/* Begin PBXSourcesBuildPhase section */
		11A05F512D5D04CB008AEAF5 /* Sources */ = {
			isa = PBXSourcesBuildPhase;
			buildActionMask = 2147483647;
			files = (
				112296812D5FDBC40039A640 /* UserModel.swift in Sources */,
				112296632D5D35210039A640 /* NetworkManagerMethods.swift in Sources */,
				112296892D5FE4890039A640 /* PhotosListViewModel.swift in Sources */,
				112296652D5D3EF30039A640 /* NetworkManagerError.swift in Sources */,
				112296862D5FDCD30039A640 /* BaseViewModel.swift in Sources */,
				1122968E2D608F6E0039A640 /* AsyncCachedImage.swift in Sources */,
				1122967C2D5FAE8C0039A640 /* DataPagingProvider.swift in Sources */,
				1122965F2D5D2F740039A640 /* NetworkManager.swift in Sources */,
				112296932D60A7360039A640 /* PhotoDetailViewModel.swift in Sources */,
				112296912D60A72A0039A640 /* PhotoDetailView.swift in Sources */,
				1122966B2D5E65AE0039A640 /* DataProvider.swift in Sources */,
				112296602D5D2F740039A640 /* NetworkManagerProtocol.swift in Sources */,
				1122967F2D5FD9870039A640 /* PhotoModel.swift in Sources */,
				1122968B2D5FE6A90039A640 /* PhotoRowView.swift in Sources */,
				1122967A2D5E96730039A640 /* NetworkManagerResponse.swift in Sources */,
				1122966F2D5E8C160039A640 /* ProviderPath.swift in Sources */,
				11A05F5B2D5D04CB008AEAF5 /* PhotosListView.swift in Sources */,
				112296752D5E8E870039A640 /* Publisher+Async.swift in Sources */,
				11A05F592D5D04CB008AEAF5 /* SYSGalleryApp.swift in Sources */,
			);
			runOnlyForDeploymentPostprocessing = 0;
		};
/* End PBXSourcesBuildPhase section */

/* Begin XCBuildConfiguration section */
		11A05F612D5D04D1008AEAF5 /* Debug */ = {
			isa = XCBuildConfiguration;
			buildSettings = {
				ALWAYS_SEARCH_USER_PATHS = NO;
				ASSETCATALOG_COMPILER_GENERATE_SWIFT_ASSET_SYMBOL_EXTENSIONS = YES;
				CLANG_ANALYZER_NONNULL = YES;
				CLANG_ANALYZER_NUMBER_OBJECT_CONVERSION = YES_AGGRESSIVE;
				CLANG_CXX_LANGUAGE_STANDARD = "gnu++20";
				CLANG_ENABLE_MODULES = YES;
				CLANG_ENABLE_OBJC_ARC = YES;
				CLANG_ENABLE_OBJC_WEAK = YES;
				CLANG_WARN_BLOCK_CAPTURE_AUTORELEASING = YES;
				CLANG_WARN_BOOL_CONVERSION = YES;
				CLANG_WARN_COMMA = YES;
				CLANG_WARN_CONSTANT_CONVERSION = YES;
				CLANG_WARN_DEPRECATED_OBJC_IMPLEMENTATIONS = YES;
				CLANG_WARN_DIRECT_OBJC_ISA_USAGE = YES_ERROR;
				CLANG_WARN_DOCUMENTATION_COMMENTS = YES;
				CLANG_WARN_EMPTY_BODY = YES;
				CLANG_WARN_ENUM_CONVERSION = YES;
				CLANG_WARN_INFINITE_RECURSION = YES;
				CLANG_WARN_INT_CONVERSION = YES;
				CLANG_WARN_NON_LITERAL_NULL_CONVERSION = YES;
				CLANG_WARN_OBJC_IMPLICIT_RETAIN_SELF = YES;
				CLANG_WARN_OBJC_LITERAL_CONVERSION = YES;
				CLANG_WARN_OBJC_ROOT_CLASS = YES_ERROR;
				CLANG_WARN_QUOTED_INCLUDE_IN_FRAMEWORK_HEADER = YES;
				CLANG_WARN_RANGE_LOOP_ANALYSIS = YES;
				CLANG_WARN_STRICT_PROTOTYPES = YES;
				CLANG_WARN_SUSPICIOUS_MOVE = YES;
				CLANG_WARN_UNGUARDED_AVAILABILITY = YES_AGGRESSIVE;
				CLANG_WARN_UNREACHABLE_CODE = YES;
				CLANG_WARN__DUPLICATE_METHOD_MATCH = YES;
				COPY_PHASE_STRIP = NO;
				DEBUG_INFORMATION_FORMAT = dwarf;
				ENABLE_STRICT_OBJC_MSGSEND = YES;
				ENABLE_TESTABILITY = YES;
				ENABLE_USER_SCRIPT_SANDBOXING = YES;
				GCC_C_LANGUAGE_STANDARD = gnu17;
				GCC_DYNAMIC_NO_PIC = NO;
				GCC_NO_COMMON_BLOCKS = YES;
				GCC_OPTIMIZATION_LEVEL = 0;
				GCC_PREPROCESSOR_DEFINITIONS = (
					"DEBUG=1",
					"$(inherited)",
				);
				GCC_WARN_64_TO_32_BIT_CONVERSION = YES;
				GCC_WARN_ABOUT_RETURN_TYPE = YES_ERROR;
				GCC_WARN_UNDECLARED_SELECTOR = YES;
				GCC_WARN_UNINITIALIZED_AUTOS = YES_AGGRESSIVE;
				GCC_WARN_UNUSED_FUNCTION = YES;
				GCC_WARN_UNUSED_VARIABLE = YES;
				IPHONEOS_DEPLOYMENT_TARGET = 17.2;
				LOCALIZATION_PREFERS_STRING_CATALOGS = YES;
				MTL_ENABLE_DEBUG_INFO = INCLUDE_SOURCE;
				MTL_FAST_MATH = YES;
				ONLY_ACTIVE_ARCH = YES;
				SDKROOT = iphoneos;
				SWIFT_ACTIVE_COMPILATION_CONDITIONS = "DEBUG $(inherited)";
				SWIFT_OPTIMIZATION_LEVEL = "-Onone";
			};
			name = Debug;
		};
		11A05F622D5D04D1008AEAF5 /* Release */ = {
			isa = XCBuildConfiguration;
			buildSettings = {
				ALWAYS_SEARCH_USER_PATHS = NO;
				ASSETCATALOG_COMPILER_GENERATE_SWIFT_ASSET_SYMBOL_EXTENSIONS = YES;
				CLANG_ANALYZER_NONNULL = YES;
				CLANG_ANALYZER_NUMBER_OBJECT_CONVERSION = YES_AGGRESSIVE;
				CLANG_CXX_LANGUAGE_STANDARD = "gnu++20";
				CLANG_ENABLE_MODULES = YES;
				CLANG_ENABLE_OBJC_ARC = YES;
				CLANG_ENABLE_OBJC_WEAK = YES;
				CLANG_WARN_BLOCK_CAPTURE_AUTORELEASING = YES;
				CLANG_WARN_BOOL_CONVERSION = YES;
				CLANG_WARN_COMMA = YES;
				CLANG_WARN_CONSTANT_CONVERSION = YES;
				CLANG_WARN_DEPRECATED_OBJC_IMPLEMENTATIONS = YES;
				CLANG_WARN_DIRECT_OBJC_ISA_USAGE = YES_ERROR;
				CLANG_WARN_DOCUMENTATION_COMMENTS = YES;
				CLANG_WARN_EMPTY_BODY = YES;
				CLANG_WARN_ENUM_CONVERSION = YES;
				CLANG_WARN_INFINITE_RECURSION = YES;
				CLANG_WARN_INT_CONVERSION = YES;
				CLANG_WARN_NON_LITERAL_NULL_CONVERSION = YES;
				CLANG_WARN_OBJC_IMPLICIT_RETAIN_SELF = YES;
				CLANG_WARN_OBJC_LITERAL_CONVERSION = YES;
				CLANG_WARN_OBJC_ROOT_CLASS = YES_ERROR;
				CLANG_WARN_QUOTED_INCLUDE_IN_FRAMEWORK_HEADER = YES;
				CLANG_WARN_RANGE_LOOP_ANALYSIS = YES;
				CLANG_WARN_STRICT_PROTOTYPES = YES;
				CLANG_WARN_SUSPICIOUS_MOVE = YES;
				CLANG_WARN_UNGUARDED_AVAILABILITY = YES_AGGRESSIVE;
				CLANG_WARN_UNREACHABLE_CODE = YES;
				CLANG_WARN__DUPLICATE_METHOD_MATCH = YES;
				COPY_PHASE_STRIP = NO;
				DEBUG_INFORMATION_FORMAT = "dwarf-with-dsym";
				ENABLE_NS_ASSERTIONS = NO;
				ENABLE_STRICT_OBJC_MSGSEND = YES;
				ENABLE_USER_SCRIPT_SANDBOXING = YES;
				GCC_C_LANGUAGE_STANDARD = gnu17;
				GCC_NO_COMMON_BLOCKS = YES;
				GCC_WARN_64_TO_32_BIT_CONVERSION = YES;
				GCC_WARN_ABOUT_RETURN_TYPE = YES_ERROR;
				GCC_WARN_UNDECLARED_SELECTOR = YES;
				GCC_WARN_UNINITIALIZED_AUTOS = YES_AGGRESSIVE;
				GCC_WARN_UNUSED_FUNCTION = YES;
				GCC_WARN_UNUSED_VARIABLE = YES;
				IPHONEOS_DEPLOYMENT_TARGET = 17.2;
				LOCALIZATION_PREFERS_STRING_CATALOGS = YES;
				MTL_ENABLE_DEBUG_INFO = NO;
				MTL_FAST_MATH = YES;
				SDKROOT = iphoneos;
				SWIFT_COMPILATION_MODE = wholemodule;
				VALIDATE_PRODUCT = YES;
			};
			name = Release;
		};
		11A05F642D5D04D1008AEAF5 /* Debug */ = {
			isa = XCBuildConfiguration;
			buildSettings = {
				ASSETCATALOG_COMPILER_APPICON_NAME = AppIcon;
				ASSETCATALOG_COMPILER_GLOBAL_ACCENT_COLOR_NAME = AccentColor;
				CODE_SIGN_STYLE = Automatic;
				CURRENT_PROJECT_VERSION = 1;
				DEVELOPMENT_ASSET_PATHS = "\"SYSGallery/Preview Content\"";
				ENABLE_PREVIEWS = YES;
				ENABLE_USER_SCRIPT_SANDBOXING = NO;
				GENERATE_INFOPLIST_FILE = YES;
				INFOPLIST_KEY_UIApplicationSceneManifest_Generation = YES;
				INFOPLIST_KEY_UIApplicationSupportsIndirectInputEvents = YES;
				INFOPLIST_KEY_UILaunchScreen_Generation = YES;
				INFOPLIST_KEY_UISupportedInterfaceOrientations_iPad = "UIInterfaceOrientationPortrait UIInterfaceOrientationPortraitUpsideDown UIInterfaceOrientationLandscapeLeft UIInterfaceOrientationLandscapeRight";
				INFOPLIST_KEY_UISupportedInterfaceOrientations_iPhone = "UIInterfaceOrientationPortrait UIInterfaceOrientationLandscapeLeft UIInterfaceOrientationLandscapeRight";
				IPHONEOS_DEPLOYMENT_TARGET = 16.6;
				LD_RUNPATH_SEARCH_PATHS = (
					"$(inherited)",
					"@executable_path/Frameworks",
				);
				MARKETING_VERSION = 1.0;
				PRODUCT_BUNDLE_IDENTIFIER = com.SYSGallery;
				PRODUCT_NAME = "$(TARGET_NAME)";
				SWIFT_EMIT_LOC_STRINGS = YES;
				SWIFT_VERSION = 5.0;
				TARGETED_DEVICE_FAMILY = "1,2";
			};
			name = Debug;
		};
		11A05F652D5D04D1008AEAF5 /* Release */ = {
			isa = XCBuildConfiguration;
			buildSettings = {
				ASSETCATALOG_COMPILER_APPICON_NAME = AppIcon;
				ASSETCATALOG_COMPILER_GLOBAL_ACCENT_COLOR_NAME = AccentColor;
				CODE_SIGN_STYLE = Automatic;
				CURRENT_PROJECT_VERSION = 1;
				DEVELOPMENT_ASSET_PATHS = "\"SYSGallery/Preview Content\"";
				ENABLE_PREVIEWS = YES;
				ENABLE_USER_SCRIPT_SANDBOXING = NO;
				GENERATE_INFOPLIST_FILE = YES;
				INFOPLIST_KEY_UIApplicationSceneManifest_Generation = YES;
				INFOPLIST_KEY_UIApplicationSupportsIndirectInputEvents = YES;
				INFOPLIST_KEY_UILaunchScreen_Generation = YES;
				INFOPLIST_KEY_UISupportedInterfaceOrientations_iPad = "UIInterfaceOrientationPortrait UIInterfaceOrientationPortraitUpsideDown UIInterfaceOrientationLandscapeLeft UIInterfaceOrientationLandscapeRight";
				INFOPLIST_KEY_UISupportedInterfaceOrientations_iPhone = "UIInterfaceOrientationPortrait UIInterfaceOrientationLandscapeLeft UIInterfaceOrientationLandscapeRight";
				IPHONEOS_DEPLOYMENT_TARGET = 16.6;
				LD_RUNPATH_SEARCH_PATHS = (
					"$(inherited)",
					"@executable_path/Frameworks",
				);
				MARKETING_VERSION = 1.0;
				PRODUCT_BUNDLE_IDENTIFIER = com.SYSGallery;
				PRODUCT_NAME = "$(TARGET_NAME)";
				SWIFT_EMIT_LOC_STRINGS = YES;
				SWIFT_VERSION = 5.0;
				TARGETED_DEVICE_FAMILY = "1,2";
			};
			name = Release;
		};
/* End XCBuildConfiguration section */

/* Begin XCConfigurationList section */
		11A05F502D5D04CB008AEAF5 /* Build configuration list for PBXProject "SYSGallery" */ = {
			isa = XCConfigurationList;
			buildConfigurations = (
				11A05F612D5D04D1008AEAF5 /* Debug */,
				11A05F622D5D04D1008AEAF5 /* Release */,
			);
			defaultConfigurationIsVisible = 0;
			defaultConfigurationName = Release;
		};
		11A05F632D5D04D1008AEAF5 /* Build configuration list for PBXNativeTarget "SYSGallery" */ = {
			isa = XCConfigurationList;
			buildConfigurations = (
				11A05F642D5D04D1008AEAF5 /* Debug */,
				11A05F652D5D04D1008AEAF5 /* Release */,
			);
			defaultConfigurationIsVisible = 0;
			defaultConfigurationName = Release;
		};
/* End XCConfigurationList section */

/* Begin XCRemoteSwiftPackageReference section */
		112296662D5E5EBE0039A640 /* XCRemoteSwiftPackageReference "Alamofire" */ = {
			isa = XCRemoteSwiftPackageReference;
			repositoryURL = "https://github.com/Alamofire/Alamofire.git";
			requirement = {
				kind = upToNextMajorVersion;
				minimumVersion = 5.10.2;
			};
		};
/* End XCRemoteSwiftPackageReference section */

/* Begin XCSwiftPackageProductDependency section */
		112296672D5E5EBE0039A640 /* Alamofire */ = {
			isa = XCSwiftPackageProductDependency;
			package = 112296662D5E5EBE0039A640 /* XCRemoteSwiftPackageReference "Alamofire" */;
			productName = Alamofire;
		};
/* End XCSwiftPackageProductDependency section */
	};
	rootObject = 11A05F4D2D5D04CB008AEAF5 /* Project object */;
}
